
Microsoft Visual Studio Solution File, Format Version 12.00
# Visual Studio Version 16
VisualStudioVersion = 25.0.1700.0
MinimumVisualStudioVersion = 10.0.40219.1
Project("{FAE04EC0-301F-11D3-BF4B-00C04F79EFBC}") = "cs05_paskaita", "cs05_paskaita\cs05_paskaita.csproj", "{51E269E3-8EB6-4600-A8F7-09FCAFF20A2E}"
EndProject
Global
	GlobalSection(SolutionConfigurationPlatforms) = preSolution
		Debug|Any CPU = Debug|Any CPU
		Release|Any CPU = Release|Any CPU
	EndGlobalSection
	GlobalSection(ProjectConfigurationPlatforms) = postSolution
		{51E269E3-8EB6-4600-A8F7-09FCAFF20A2E}.Debug|Any CPU.ActiveCfg = Debug|Any CPU
		{51E269E3-8EB6-4600-A8F7-09FCAFF20A2E}.Debug|Any CPU.Build.0 = Debug|Any CPU
		{51E269E3-8EB6-4600-A8F7-09FCAFF20A2E}.Release|Any CPU.ActiveCfg = Release|Any CPU
		{51E269E3-8EB6-4600-A8F7-09FCAFF20A2E}.Release|Any CPU.Build.0 = Release|Any CPU
	EndGlobalSection
	GlobalSection(SolutionProperties) = preSolution
		HideSolutionNode = FALSE
	EndGlobalSection
	GlobalSection(ExtensibilityGlobals) = postSolution
		SolutionGuid = {8A62A0AD-3A83-451F-B9E6-6C7E5329318C}
	EndGlobalSection
EndGlobal
